// !$*UTF8*$!
{
	archiveVersion = 1;
	classes = {
	};
	objectVersion = 46;
	objects = {

/* Begin PBXBuildFile section */
		963E7E851AAF9193009EC19D /* TGHumanStructure.c in Sources */ = {isa = PBXBuildFile; fileRef = 963E7E831AAF9193009EC19D /* TGHumanStructure.c */; };
		963E7E881AAF9AD2009EC19D /* TGObject.c in Sources */ = {isa = PBXBuildFile; fileRef = 963E7E861AAF9AD2009EC19D /* TGObject.c */; };
		96DA3E0E1AA3A78700CD70DE /* main.c in Sources */ = {isa = PBXBuildFile; fileRef = 96DA3E0D1AA3A78700CD70DE /* main.c */; };
/* End PBXBuildFile section */

/* Begin PBXCopyFilesBuildPhase section */
		96DA3E081AA3A78700CD70DE /* CopyFiles */ = {
			isa = PBXCopyFilesBuildPhase;
			buildActionMask = 2147483647;
			dstPath = /usr/share/man/man1/;
			dstSubfolderSpec = 0;
			files = (
			);
			runOnlyForDeploymentPostprocessing = 1;
		};
/* End PBXCopyFilesBuildPhase section */

/* Begin PBXFileReference section */
		963E7E831AAF9193009EC19D /* TGHumanStructure.c */ = {isa = PBXFileReference; fileEncoding = 4; lastKnownFileType = sourcecode.c.c; path = TGHumanStructure.c; sourceTree = "<group>"; };
		963E7E841AAF9193009EC19D /* TGHumanStructure.h */ = {isa = PBXFileReference; fileEncoding = 4; lastKnownFileType = sourcecode.c.h; path = TGHumanStructure.h; sourceTree = "<group>"; };
		963E7E861AAF9AD2009EC19D /* TGObject.c */ = {isa = PBXFileReference; fileEncoding = 4; lastKnownFileType = sourcecode.c.c; path = TGObject.c; sourceTree = "<group>"; };
		963E7E871AAF9AD2009EC19D /* TGObject.h */ = {isa = PBXFileReference; fileEncoding = 4; lastKnownFileType = sourcecode.c.h; path = TGObject.h; sourceTree = "<group>"; };
		96DA3E0A1AA3A78700CD70DE /* TGHuman */ = {isa = PBXFileReference; explicitFileType = "compiled.mach-o.executable"; includeInIndex = 0; path = TGHuman; sourceTree = BUILT_PRODUCTS_DIR; };
		96DA3E0D1AA3A78700CD70DE /* main.c */ = {isa = PBXFileReference; lastKnownFileType = sourcecode.c.c; path = main.c; sourceTree = "<group>"; };
/* End PBXFileReference section */

/* Begin PBXFrameworksBuildPhase section */
		96DA3E071AA3A78700CD70DE /* Frameworks */ = {
			isa = PBXFrameworksBuildPhase;
			buildActionMask = 2147483647;
			files = (
			);
			runOnlyForDeploymentPostprocessing = 0;
		};
/* End PBXFrameworksBuildPhase section */

/* Begin PBXGroup section */
		96DA3E011AA3A78600CD70DE = {
			isa = PBXGroup;
			children = (
				96DA3E0C1AA3A78700CD70DE /* TGHuman */,
				96DA3E0B1AA3A78700CD70DE /* Products */,
			);
			sourceTree = "<group>";
		};
		96DA3E0B1AA3A78700CD70DE /* Products */ = {
			isa = PBXGroup;
			children = (
				96DA3E0A1AA3A78700CD70DE /* TGHuman */,
			);
			name = Products;
			sourceTree = "<group>";
		};
		96DA3E0C1AA3A78700CD70DE /* TGHuman */ = {
			isa = PBXGroup;
			children = (
				96DA3E0D1AA3A78700CD70DE /* main.c */,
				963E7E831AAF9193009EC19D /* TGHumanStructure.c */,
				963E7E841AAF9193009EC19D /* TGHumanStructure.h */,
				963E7E861AAF9AD2009EC19D /* TGObject.c */,
				963E7E871AAF9AD2009EC19D /* TGObject.h */,
			);
			path = TGHuman;
			sourceTree = "<group>";
		};
/* End PBXGroup section */

/* Begin PBXNativeTarget section */
		96DA3E091AA3A78700CD70DE /* TGHuman */ = {
			isa = PBXNativeTarget;
			buildConfigurationList = 96DA3E111AA3A78700CD70DE /* Build configuration list for PBXNativeTarget "TGHuman" */;
			buildPhases = (
				96DA3E061AA3A78700CD70DE /* Sources */,
				96DA3E071AA3A78700CD70DE /* Frameworks */,
				96DA3E081AA3A78700CD70DE /* CopyFiles */,
			);
			buildRules = (
			);
			dependencies = (
			);
			name = TGHuman;
			productName = TGHuman;
			productReference = 96DA3E0A1AA3A78700CD70DE /* TGHuman */;
			productType = "com.apple.product-type.tool";
		};
/* End PBXNativeTarget section */

/* Begin PBXProject section */
		96DA3E021AA3A78600CD70DE /* Project object */ = {
			isa = PBXProject;
			attributes = {
				LastUpgradeCheck = 0610;
				ORGANIZATIONNAME = Tora;
				TargetAttributes = {
					96DA3E091AA3A78700CD70DE = {
						CreatedOnToolsVersion = 6.1.1;
					};
				};
			};
			buildConfigurationList = 96DA3E051AA3A78600CD70DE /* Build configuration list for PBXProject "TGHuman" */;
			compatibilityVersion = "Xcode 3.2";
			developmentRegion = English;
			hasScannedForEncodings = 0;
			knownRegions = (
				en,
			);
			mainGroup = 96DA3E011AA3A78600CD70DE;
			productRefGroup = 96DA3E0B1AA3A78700CD70DE /* Products */;
			projectDirPath = "";
			projectRoot = "";
			targets = (
				96DA3E091AA3A78700CD70DE /* TGHuman */,
			);
		};
/* End PBXProject section */

/* Begin PBXSourcesBuildPhase section */
		96DA3E061AA3A78700CD70DE /* Sources */ = {
			isa = PBXSourcesBuildPhase;
			buildActionMask = 2147483647;
			files = (
				963E7E851AAF9193009EC19D /* TGHumanStructure.c in Sources */,
				963E7E881AAF9AD2009EC19D /* TGObject.c in Sources */,
				96DA3E0E1AA3A78700CD70DE /* main.c in Sources */,
			);
			runOnlyForDeploymentPostprocessing = 0;
		};
/* End PBXSourcesBuildPhase section */

/* Begin XCBuildConfiguration section */
		96DA3E0F1AA3A78700CD70DE /* Debug */ = {
			isa = XCBuildConfiguration;
			buildSettings = {
				ALWAYS_SEARCH_USER_PATHS = NO;
				CLANG_CXX_LANGUAGE_STANDARD = "gnu++0x";
				CLANG_CXX_LIBRARY = "libc++";
				CLANG_ENABLE_MODULES = YES;
				CLANG_ENABLE_OBJC_ARC = YES;
				CLANG_WARN_BOOL_CONVERSION = YES;
				CLANG_WARN_CONSTANT_CONVERSION = YES;
				CLANG_WARN_DIRECT_OBJC_ISA_USAGE = YES_ERROR;
				CLANG_WARN_EMPTY_BODY = YES;
				CLANG_WARN_ENUM_CONVERSION = YES;
				CLANG_WARN_INT_CONVERSION = YES;
				CLANG_WARN_OBJC_ROOT_CLASS = YES_ERROR;
				CLANG_WARN_UNREACHABLE_CODE = YES;
				CLANG_WARN__DUPLICATE_METHOD_MATCH = YES;
				COPY_PHASE_STRIP = NO;
				ENABLE_STRICT_OBJC_MSGSEND = YES;
				GCC_C_LANGUAGE_STANDARD = gnu99;
				GCC_DYNAMIC_NO_PIC = NO;
				GCC_OPTIMIZATION_LEVEL = 0;
				GCC_PREPROCESSOR_DEFINITIONS = (
					"DEBUG=1",
					"$(inherited)",
				);
				GCC_SYMBOLS_PRIVATE_EXTERN = NO;
				GCC_WARN_64_TO_32_BIT_CONVERSION = YES;
				GCC_WARN_ABOUT_RETURN_TYPE = YES_ERROR;
				GCC_WARN_UNDECLARED_SELECTOR = YES;
				GCC_WARN_UNINITIALIZED_AUTOS = YES_AGGRESSIVE;
				GCC_WARN_UNUSED_FUNCTION = YES;
				GCC_WARN_UNUSED_VARIABLE = YES;
				MACOSX_DEPLOYMENT_TARGET = 10.9;
				MTL_ENABLE_DEBUG_INFO = YES;
				ONLY_ACTIVE_ARCH = YES;
				SDKROOT = macosx;
			};
			name = Debug;
		};
		96DA3E101AA3A78700CD70DE /* Release */ = {
			isa = XCBuildConfiguration;
			buildSettings = {
				ALWAYS_SEARCH_USER_PATHS = NO;
				CLANG_CXX_LANGUAGE_STANDARD = "gnu++0x";
				CLANG_CXX_LIBRARY = "libc++";
				CLANG_ENABLE_MODULES = YES;
				CLANG_ENABLE_OBJC_ARC = YES;
				CLANG_WARN_BOOL_CONVERSION = YES;
				CLANG_WARN_CONSTANT_CONVERSION = YES;
				CLANG_WARN_DIRECT_OBJC_ISA_USAGE = YES_ERROR;
				CLANG_WARN_EMPTY_BODY = YES;
				CLANG_WARN_ENUM_CONVERSION = YES;
				CLANG_WARN_INT_CONVERSION = YES;
				CLANG_WARN_OBJC_ROOT_CLASS = YES_ERROR;
				CLANG_WARN_UNREACHABLE_CODE = YES;
				CLANG_WARN__DUPLICATE_METHOD_MATCH = YES;
				COPY_PHASE_STRIP = YES;
				DEBUG_INFORMATION_FORMAT = "dwarf-with-dsym";
				ENABLE_NS_ASSERTIONS = NO;
				ENABLE_STRICT_OBJC_MSGSEND = YES;
				GCC_C_LANGUAGE_STANDARD = gnu99;
				GCC_WARN_64_TO_32_BIT_CONVERSION = YES;
				GCC_WARN_ABOUT_RETURN_TYPE = YES_ERROR;
				GCC_WARN_UNDECLARED_SELECTOR = YES;
				GCC_WARN_UNINITIALIZED_AUTOS = YES_AGGRESSIVE;
				GCC_WARN_UNUSED_FUNCTION = YES;
				GCC_WARN_UNUSED_VARIABLE = YES;
				MACOSX_DEPLOYMENT_TARGET = 10.9;
				MTL_ENABLE_DEBUG_INFO = NO;
				SDKROOT = macosx;
			};
			name = Release;
		};
		96DA3E121AA3A78700CD70DE /* Debug */ = {
			isa = XCBuildConfiguration;
			buildSettings = {
				PRODUCT_NAME = "$(TARGET_NAME)";
			};
			name = Debug;
		};
		96DA3E131AA3A78700CD70DE /* Release */ = {
			isa = XCBuildConfiguration;
			buildSettings = {
				PRODUCT_NAME = "$(TARGET_NAME)";
			};
			name = Release;
		};
/* End XCBuildConfiguration section */

/* Begin XCConfigurationList section */
		96DA3E051AA3A78600CD70DE /* Build configuration list for PBXProject "TGHuman" */ = {
			isa = XCConfigurationList;
			buildConfigurations = (
				96DA3E0F1AA3A78700CD70DE /* Debug */,
				96DA3E101AA3A78700CD70DE /* Release */,
			);
			defaultConfigurationIsVisible = 0;
			defaultConfigurationName = Release;
		};
		96DA3E111AA3A78700CD70DE /* Build configuration list for PBXNativeTarget "TGHuman" */ = {
			isa = XCConfigurationList;
			buildConfigurations = (
				96DA3E121AA3A78700CD70DE /* Debug */,
				96DA3E131AA3A78700CD70DE /* Release */,
			);
			defaultConfigurationIsVisible = 0;
			defaultConfigurationName = Release;
		};
/* End XCConfigurationList section */
	};
	rootObject = 96DA3E021AA3A78600CD70DE /* Project object */;
}
